
Microsoft Visual Studio Solution File, Format Version 12.00
# Visual Studio 2013
VisualStudioVersion = 12.0.31101.0
MinimumVisualStudioVersion = 10.0.40219.1
Project("{FAE04EC0-301F-11D3-BF4B-00C04F79EFBC}") = "PuzzleGenerator", "PuzzleGenerator\PuzzleGenerator.csproj", "{9E22D0B2-CD34-480C-BD1D-5AD69545909F}"
EndProject
Project("{FAE04EC0-301F-11D3-BF4B-00C04F79EFBC}") = "ConsoleTest", "ConsoleTest\ConsoleTest.csproj", "{F9E5A205-C9F9-47E3-B349-6100E758F65E}"
EndProject
Project("{FAE04EC0-301F-11D3-BF4B-00C04F79EFBC}") = "DesktopTest", "DesctopTest\DesktopTest.csproj", "{26ABE69F-E0C9-46AA-A2B4-67FE517D968F}"
EndProject
Global
	GlobalSection(SolutionConfigurationPlatforms) = preSolution
		Debug|Any CPU = Debug|Any CPU
		Release|Any CPU = Release|Any CPU
	EndGlobalSection
	GlobalSection(ProjectConfigurationPlatforms) = postSolution
		{9E22D0B2-CD34-480C-BD1D-5AD69545909F}.Debug|Any CPU.ActiveCfg = Debug|Any CPU
		{9E22D0B2-CD34-480C-BD1D-5AD69545909F}.Debug|Any CPU.Build.0 = Debug|Any CPU
		{9E22D0B2-CD34-480C-BD1D-5AD69545909F}.Release|Any CPU.ActiveCfg = Release|Any CPU
		{9E22D0B2-CD34-480C-BD1D-5AD69545909F}.Release|Any CPU.Build.0 = Release|Any CPU
		{F9E5A205-C9F9-47E3-B349-6100E758F65E}.Debug|Any CPU.ActiveCfg = Debug|Any CPU
		{F9E5A205-C9F9-47E3-B349-6100E758F65E}.Debug|Any CPU.Build.0 = Debug|Any CPU
		{F9E5A205-C9F9-47E3-B349-6100E758F65E}.Release|Any CPU.ActiveCfg = Release|Any CPU
		{F9E5A205-C9F9-47E3-B349-6100E758F65E}.Release|Any CPU.Build.0 = Release|Any CPU
		{26ABE69F-E0C9-46AA-A2B4-67FE517D968F}.Debug|Any CPU.ActiveCfg = Debug|Any CPU
		{26ABE69F-E0C9-46AA-A2B4-67FE517D968F}.Debug|Any CPU.Build.0 = Debug|Any CPU
		{26ABE69F-E0C9-46AA-A2B4-67FE517D968F}.Release|Any CPU.ActiveCfg = Release|Any CPU
		{26ABE69F-E0C9-46AA-A2B4-67FE517D968F}.Release|Any CPU.Build.0 = Release|Any CPU
	EndGlobalSection
	GlobalSection(SolutionProperties) = preSolution
		HideSolutionNode = FALSE
	EndGlobalSection
EndGlobal
